<?xml version="1.0" encoding="UTF-8" standalone="yes" ?>
<CodeBlocks_project_file>
	<FileVersion major="1" minor="6" />
	<Project>
		<Option title="assignment" />
		<Option pch_mode="2" />
		<Option compiler="gcc" />
		<Build>
			<Target title="assignment">
				<Option output="bin/Debug/assignment" prefix_auto="1" extension_auto="1" />
				<Option object_output="obj/Debug/" />
				<Option type="1" />
				<Option compiler="gcc" />
				<Compiler>
					<Add option="-std=c11" />
					<Add option="-g" />
					<Add directory="include" />
				</Compiler>
				<Linker>
					<Add library="lib/liballegro_monolith.dll.a" />
					<Add library="lib/liballegro_monolith-debug.dll.a" />
					<Add directory="lib" />
				</Linker>
			</Target>
		</Build>
		<Compiler>
			<Add option="-Wall" />
		</Compiler>
		<Unit filename="Game/Game.c">
			<Option compilerVar="CC" />
		</Unit>
		<Unit filename="Game/Game.h" />
		<Unit filename="Game/GameEngine.c">
			<Option compilerVar="CC" />
		</Unit>
		<Unit filename="Game/GameEngine.h" />
		<Unit filename="Game/GameTypes.h" />
		<Unit filename="include/amio.h" />
		<Unit filename="include/amio_functions.c">
			<Option compilerVar="CC" />
		</Unit>
		<Unit filename="include/graphics_lib.h" />
		<Unit filename="include/graphics_lib_functions.c">
			<Option compilerVar="CC" />
		</Unit>
		<Unit filename="src/assignment.c">
			<Option compilerVar="CC" />
		</Unit>
		<Extensions>
			<lib_finder disable_auto="1" />
		</Extensions>
	</Project>
</CodeBlocks_project_file>
